
Microsoft Visual Studio Solution File, Format Version 12.00
# Visual Studio 15
VisualStudioVersion = 15.0.27428.2043
MinimumVisualStudioVersion = 10.0.40219.1
Project("{FAE04EC0-301F-11D3-BF4B-00C04F79EFBC}") = "encryptionsample", "encryptionsample\encryptionsample.csproj", "{8DF038B4-EAC1-4830-B8FA-74F65C5562FC}"
EndProject
Global
	GlobalSection(SolutionConfigurationPlatforms) = preSolution
		Debug|Any CPU = Debug|Any CPU
		Release|Any CPU = Release|Any CPU
	EndGlobalSection
	GlobalSection(ProjectConfigurationPlatforms) = postSolution
		{8DF038B4-EAC1-4830-B8FA-74F65C5562FC}.Debug|Any CPU.ActiveCfg = Debug|Any CPU
		{8DF038B4-EAC1-4830-B8FA-74F65C5562FC}.Debug|Any CPU.Build.0 = Debug|Any CPU
		{8DF038B4-EAC1-4830-B8FA-74F65C5562FC}.Release|Any CPU.ActiveCfg = Release|Any CPU
		{8DF038B4-EAC1-4830-B8FA-74F65C5562FC}.Release|Any CPU.Build.0 = Release|Any CPU
	EndGlobalSection
	GlobalSection(SolutionProperties) = preSolution
		HideSolutionNode = FALSE
	EndGlobalSection
	GlobalSection(ExtensibilityGlobals) = postSolution
		SolutionGuid = {5E61C464-BE8E-4150-99E1-00632DF95FAB}
	EndGlobalSection
EndGlobal
